
Microsoft Visual Studio Solution File, Format Version 12.00
# Visual Studio Version 17
VisualStudioVersion = 17.5.33516.290
MinimumVisualStudioVersion = 10.0.40219.1
Project("{9A19103F-16F7-4668-BE54-9A1E7A4F7556}") = "ControleDeLivros", "WebApplication1\ControleDeLivros.csproj", "{2076A83B-446D-4E29-9F78-C8F3A7CE0113}"
EndProject
Global
	GlobalSection(SolutionConfigurationPlatforms) = preSolution
		Debug|Any CPU = Debug|Any CPU
		Release|Any CPU = Release|Any CPU
	EndGlobalSection
	GlobalSection(ProjectConfigurationPlatforms) = postSolution
		{2076A83B-446D-4E29-9F78-C8F3A7CE0113}.Debug|Any CPU.ActiveCfg = Debug|Any CPU
		{2076A83B-446D-4E29-9F78-C8F3A7CE0113}.Debug|Any CPU.Build.0 = Debug|Any CPU
		{2076A83B-446D-4E29-9F78-C8F3A7CE0113}.Release|Any CPU.ActiveCfg = Release|Any CPU
		{2076A83B-446D-4E29-9F78-C8F3A7CE0113}.Release|Any CPU.Build.0 = Release|Any CPU
	EndGlobalSection
	GlobalSection(SolutionProperties) = preSolution
		HideSolutionNode = FALSE
	EndGlobalSection
	GlobalSection(ExtensibilityGlobals) = postSolution
		SolutionGuid = {95233EA8-8800-4CD7-9426-BDF5D5D90A08}
	EndGlobalSection
EndGlobal
